{
  "version": 4,
  "terraform_version": "1.11.1",
  "serial": 56,
  "lineage": "491372b9-7f4c-4574-0445-f28d602949c7",
  "outputs": {},
  "resources": [
    {
      "mode": "managed",
      "type": "azurerm_app_service_certificate_binding",
      "name": "ssl_binding",
      "provider": "provider[\"registry.terraform.io/hashicorp/azurerm\"]",
      "instances": [
        {
          "schema_version": 0,
          "attributes": {
            "app_service_name": "jaykxr-webapp",
            "certificate_id": "/subscriptions/d07e93af-325f-4672-a73b-124502a553dc/resourceGroups/Project-rg/providers/Microsoft.Web/certificates/www.durojohnson.com-jaykxr-webapp",
            "hostname": "www.durojohnson.com",
            "hostname_binding_id": "/subscriptions/d07e93af-325f-4672-a73b-124502a553dc/resourceGroups/Project-rg/providers/Microsoft.Web/sites/jaykxr-webapp/hostNameBindings/www.durojohnson.com",
            "id": "/subscriptions/d07e93af-325f-4672-a73b-124502a553dc/resourceGroups/Project-rg/providers/Microsoft.Web/sites/jaykxr-webapp/hostNameBindings/www.durojohnson.com|/subscriptions/d07e93af-325f-4672-a73b-124502a553dc/resourceGroups/Project-rg/providers/Microsoft.Web/certificates/www.durojohnson.com-jaykxr-webapp",
            "ssl_state": "SniEnabled",
            "thumbprint": "F8AD644F615631F211DB863F6169635F00AA3D59",
            "timeouts": null
          },
          "sensitive_attributes": [],
          "private": "eyJlMmJmYjczMC1lY2FhLTExZTYtOGY4OC0zNDM2M2JjN2M0YzAiOnsiY3JlYXRlIjoxODAwMDAwMDAwMDAwLCJkZWxldGUiOjE4MDAwMDAwMDAwMDAsInJlYWQiOjMwMDAwMDAwMDAwMH19",
          "dependencies": [
            "azurerm_app_service_custom_hostname_binding.custom_domain",
            "azurerm_linux_web_app.webapp",
            "azurerm_resource_group.project-1",
            "azurerm_service_plan.app_plan",
            "azurerm_user_assigned_identity.github_identity"
          ]
        }
      ]
    },
    {
      "mode": "managed",
      "type": "azurerm_app_service_custom_hostname_binding",
      "name": "custom_domain",
      "provider": "provider[\"registry.terraform.io/hashicorp/azurerm\"]",
      "instances": [
        {
          "schema_version": 0,
          "attributes": {
            "app_service_name": "jaykxr-webapp",
            "hostname": "www.durojohnson.com",
            "id": "/subscriptions/d07e93af-325f-4672-a73b-124502a553dc/resourceGroups/Project-rg/providers/Microsoft.Web/sites/jaykxr-webapp/hostNameBindings/www.durojohnson.com",
            "resource_group_name": "Project-rg",
            "ssl_state": "SniEnabled",
            "thumbprint": "F8AD644F615631F211DB863F6169635F00AA3D59",
            "timeouts": null,
            "virtual_ip": ""
          },
          "sensitive_attributes": [],
          "private": "eyJlMmJmYjczMC1lY2FhLTExZTYtOGY4OC0zNDM2M2JjN2M0YzAiOnsiY3JlYXRlIjoxODAwMDAwMDAwMDAwLCJkZWxldGUiOjE4MDAwMDAwMDAwMDAsInJlYWQiOjMwMDAwMDAwMDAwMH19",
          "dependencies": [
            "azurerm_linux_web_app.webapp",
            "azurerm_resource_group.project-1",
            "azurerm_service_plan.app_plan",
            "azurerm_user_assigned_identity.github_identity"
          ]
        }
      ]
    },
    {
      "mode": "managed",
      "type": "azurerm_app_service_source_control",
      "name": "webapp_source_control",
      "provider": "provider[\"registry.terraform.io/hashicorp/azurerm\"]",
      "instances": [
        {
          "schema_version": 0,
          "attributes": {
            "app_id": "/subscriptions/d07e93af-325f-4672-a73b-124502a553dc/resourceGroups/Project-rg/providers/Microsoft.Web/sites/jaykxr-webapp",
            "branch": "main",
            "github_action_configuration": [],
            "id": "/subscriptions/d07e93af-325f-4672-a73b-124502a553dc/resourceGroups/Project-rg/providers/Microsoft.Web/sites/jaykxr-webapp",
            "repo_url": "https://github.com/Cyberlearner01/Deploying-and-Managing-a-Scalable-Secure-Web-Application-with-Azure-App-Service",
            "rollback_enabled": false,
            "scm_type": "GitHub",
            "timeouts": null,
            "use_local_git": false,
            "use_manual_integration": false,
            "use_mercurial": false,
            "uses_github_action": false
          },
          "sensitive_attributes": [],
          "private": "eyJlMmJmYjczMC1lY2FhLTExZTYtOGY4OC0zNDM2M2JjN2M0YzAiOnsiY3JlYXRlIjoxODAwMDAwMDAwMDAwLCJkZWxldGUiOjE4MDAwMDAwMDAwMDAsInJlYWQiOjMwMDAwMDAwMDAwMH19",
          "dependencies": [
            "azurerm_linux_web_app.webapp",
            "azurerm_resource_group.project-1",
            "azurerm_service_plan.app_plan",
            "azurerm_user_assigned_identity.github_identity"
          ]
        }
      ]
    },
    {
      "mode": "managed",
      "type": "azurerm_linux_web_app",
      "name": "webapp",
      "provider": "provider[\"registry.terraform.io/hashicorp/azurerm\"]",
      "instances": [
        {
          "schema_version": 1,
          "attributes": {
            "app_settings": {
              "AZURE_WEBAPP_AUTHENTICATION": "identity",
              "WEBSITE_NODE_DEFAULT_VERSION": "18-lts"
            },
            "auth_settings": [],
            "auth_settings_v2": [],
            "backup": [],
            "client_affinity_enabled": false,
            "client_certificate_enabled": false,
            "client_certificate_exclusion_paths": "",
            "client_certificate_mode": "Required",
            "connection_string": [],
            "custom_domain_verification_id": "C2A534318CE627EAF0776B3ACD94E99EBA472687F6D0F662CF1924E357DC3600",
            "default_hostname": "jaykxr-webapp.azurewebsites.net",
            "enabled": true,
            "ftp_publish_basic_authentication_enabled": true,
            "hosting_environment_id": "",
            "https_only": false,
            "id": "/subscriptions/d07e93af-325f-4672-a73b-124502a553dc/resourceGroups/Project-rg/providers/Microsoft.Web/sites/jaykxr-webapp",
            "identity": [
              {
                "identity_ids": [
                  "/subscriptions/d07e93af-325f-4672-a73b-124502a553dc/resourceGroups/Project-rg/providers/Microsoft.ManagedIdentity/userAssignedIdentities/github-identity"
                ],
                "principal_id": "",
                "tenant_id": "",
                "type": "UserAssigned"
              }
            ],
            "key_vault_reference_identity_id": "SystemAssigned",
            "kind": "app,linux",
            "location": "canadacentral",
            "logs": [],
            "name": "jaykxr-webapp",
            "outbound_ip_address_list": [
              "20.175.201.85",
              "20.175.171.235",
              "20.175.201.124",
              "20.175.201.209",
              "20.175.202.33",
              "20.175.202.102",
              "20.48.202.173"
            ],
            "outbound_ip_addresses": "20.175.201.85,20.175.171.235,20.175.201.124,20.175.201.209,20.175.202.33,20.175.202.102,20.48.202.173",
            "possible_outbound_ip_address_list": [
              "20.175.203.24",
              "20.175.203.214",
              "20.175.204.138",
              "20.175.205.56",
              "20.220.142.100",
              "20.175.207.134",
              "20.220.143.96",
              "20.220.143.97",
              "20.220.140.49",
              "20.220.141.181",
              "20.220.249.12",
              "20.175.171.174",
              "20.220.249.183",
              "20.175.170.65",
              "20.175.172.49",
              "20.175.174.138",
              "20.220.254.20",
              "20.175.200.241",
              "20.175.201.85",
              "20.175.171.235",
              "20.175.201.124",
              "20.175.201.209",
              "20.175.202.33",
              "20.175.202.102",
              "20.175.207.166",
              "20.175.207.219",
              "20.220.143.33",
              "20.175.248.107",
              "20.220.253.170",
              "20.220.253.171",
              "20.48.202.173"
            ],
            "possible_outbound_ip_addresses": "20.175.203.24,20.175.203.214,20.175.204.138,20.175.205.56,20.220.142.100,20.175.207.134,20.220.143.96,20.220.143.97,20.220.140.49,20.220.141.181,20.220.249.12,20.175.171.174,20.220.249.183,20.175.170.65,20.175.172.49,20.175.174.138,20.220.254.20,20.175.200.241,20.175.201.85,20.175.171.235,20.175.201.124,20.175.201.209,20.175.202.33,20.175.202.102,20.175.207.166,20.175.207.219,20.220.143.33,20.175.248.107,20.220.253.170,20.220.253.171,20.48.202.173",
            "public_network_access_enabled": true,
            "resource_group_name": "Project-rg",
            "service_plan_id": "/subscriptions/d07e93af-325f-4672-a73b-124502a553dc/resourceGroups/Project-rg/providers/Microsoft.Web/serverFarms/Johnson-plan",
            "site_config": [
              {
                "always_on": true,
                "api_definition_url": "",
                "api_management_api_id": "",
                "app_command_line": "",
                "application_stack": [
                  {
                    "docker_image_name": "",
                    "docker_registry_password": "",
                    "docker_registry_url": "",
                    "docker_registry_username": "",
                    "dotnet_version": "",
                    "go_version": "",
                    "java_server": "",
                    "java_server_version": "",
                    "java_version": "",
                    "node_version": "18-lts",
                    "php_version": "",
                    "python_version": "",
                    "ruby_version": ""
                  }
                ],
                "auto_heal_setting": [],
                "container_registry_managed_identity_client_id": "",
                "container_registry_use_managed_identity": false,
                "cors": [],
                "default_documents": [
                  "Default.htm",
                  "Default.html",
                  "Default.asp",
                  "index.htm",
                  "index.html",
                  "iisstart.htm",
                  "default.aspx",
                  "index.php",
                  "hostingstart.html"
                ],
                "detailed_error_logging_enabled": false,
                "ftps_state": "Disabled",
                "health_check_eviction_time_in_min": 0,
                "health_check_path": "",
                "http2_enabled": false,
                "ip_restriction": [],
                "ip_restriction_default_action": "Allow",
                "linux_fx_version": "NODE|18-lts",
                "load_balancing_mode": "LeastRequests",
                "local_mysql_enabled": false,
                "managed_pipeline_mode": "Integrated",
                "minimum_tls_version": "1.2",
                "remote_debugging_enabled": false,
                "remote_debugging_version": "VS2022",
                "scm_ip_restriction": [],
                "scm_ip_restriction_default_action": "Allow",
                "scm_minimum_tls_version": "1.2",
                "scm_type": "GitHub",
                "scm_use_main_ip_restriction": false,
                "use_32_bit_worker": true,
                "vnet_route_all_enabled": false,
                "websockets_enabled": false,
                "worker_count": 1
              }
            ],
            "site_credential": [
              {
                "name": "$jaykxr-webapp",
                "password": "TWhbf5fFfC3Yi7gohilqJNmZ9snfiKXlorTlyTkJJ4l82SwxWFgJbalWQoDe"
              }
            ],
            "sticky_settings": [],
            "storage_account": [],
            "tags": {},
            "timeouts": null,
            "virtual_network_subnet_id": "",
            "webdeploy_publish_basic_authentication_enabled": true,
            "zip_deploy_file": ""
          },
          "sensitive_attributes": [
            [
              {
                "type": "get_attr",
                "value": "custom_domain_verification_id"
              }
            ],
            [
              {
                "type": "get_attr",
                "value": "site_config"
              },
              {
                "type": "index",
                "value": {
                  "value": 0,
                  "type": "number"
                }
              },
              {
                "type": "get_attr",
                "value": "application_stack"
              },
              {
                "type": "index",
                "value": {
                  "value": 0,
                  "type": "number"
                }
              },
              {
                "type": "get_attr",
                "value": "docker_registry_password"
              }
            ],
            [
              {
                "type": "get_attr",
                "value": "site_credential"
              }
            ]
          ],
          "private": "eyJlMmJmYjczMC1lY2FhLTExZTYtOGY4OC0zNDM2M2JjN2M0YzAiOnsiY3JlYXRlIjoxODAwMDAwMDAwMDAwLCJkZWxldGUiOjE4MDAwMDAwMDAwMDAsInJlYWQiOjMwMDAwMDAwMDAwMCwidXBkYXRlIjoxODAwMDAwMDAwMDAwfSwic2NoZW1hX3ZlcnNpb24iOiIxIn0=",
          "dependencies": [
            "azurerm_resource_group.project-1",
            "azurerm_service_plan.app_plan",
            "azurerm_user_assigned_identity.github_identity"
          ]
        }
      ]
    },
    {
      "mode": "managed",
      "type": "azurerm_linux_web_app_slot",
      "name": "staging",
      "provider": "provider[\"registry.terraform.io/hashicorp/azurerm\"]",
      "instances": [
        {
          "schema_version": 1,
          "attributes": {
            "app_metadata": {},
            "app_service_id": "/subscriptions/d07e93af-325f-4672-a73b-124502a553dc/resourceGroups/Project-rg/providers/Microsoft.Web/sites/jaykxr-webapp",
            "app_settings": {
              "ENVIRONMENT": "staging"
            },
            "auth_settings": [],
            "auth_settings_v2": [],
            "backup": [],
            "client_affinity_enabled": false,
            "client_certificate_enabled": false,
            "client_certificate_exclusion_paths": "",
            "client_certificate_mode": "Required",
            "connection_string": [],
            "custom_domain_verification_id": "C2A534318CE627EAF0776B3ACD94E99EBA472687F6D0F662CF1924E357DC3600",
            "default_hostname": "jaykxr-webapp-staging.azurewebsites.net",
            "enabled": true,
            "ftp_publish_basic_authentication_enabled": true,
            "hosting_environment_id": "",
            "https_only": false,
            "id": "/subscriptions/d07e93af-325f-4672-a73b-124502a553dc/resourceGroups/Project-rg/providers/Microsoft.Web/sites/jaykxr-webapp/slots/staging",
            "identity": [],
            "key_vault_reference_identity_id": "SystemAssigned",
            "kind": "app,linux",
            "logs": [],
            "name": "staging",
            "outbound_ip_address_list": [
              "20.175.201.85",
              "20.175.171.235",
              "20.175.201.124",
              "20.175.201.209",
              "20.175.202.33",
              "20.175.202.102",
              "20.48.202.173"
            ],
            "outbound_ip_addresses": "20.175.201.85,20.175.171.235,20.175.201.124,20.175.201.209,20.175.202.33,20.175.202.102,20.48.202.173",
            "possible_outbound_ip_address_list": [
              "20.175.203.24",
              "20.175.203.214",
              "20.175.204.138",
              "20.175.205.56",
              "20.220.142.100",
              "20.175.207.134",
              "20.220.143.96",
              "20.220.143.97",
              "20.220.140.49",
              "20.220.141.181",
              "20.220.249.12",
              "20.175.171.174",
              "20.220.249.183",
              "20.175.170.65",
              "20.175.172.49",
              "20.175.174.138",
              "20.220.254.20",
              "20.175.200.241",
              "20.175.201.85",
              "20.175.171.235",
              "20.175.201.124",
              "20.175.201.209",
              "20.175.202.33",
              "20.175.202.102",
              "20.175.207.166",
              "20.175.207.219",
              "20.220.143.33",
              "20.175.248.107",
              "20.220.253.170",
              "20.220.253.171",
              "20.48.202.173"
            ],
            "possible_outbound_ip_addresses": "20.175.203.24,20.175.203.214,20.175.204.138,20.175.205.56,20.220.142.100,20.175.207.134,20.220.143.96,20.220.143.97,20.220.140.49,20.220.141.181,20.220.249.12,20.175.171.174,20.220.249.183,20.175.170.65,20.175.172.49,20.175.174.138,20.220.254.20,20.175.200.241,20.175.201.85,20.175.171.235,20.175.201.124,20.175.201.209,20.175.202.33,20.175.202.102,20.175.207.166,20.175.207.219,20.220.143.33,20.175.248.107,20.220.253.170,20.220.253.171,20.48.202.173",
            "public_network_access_enabled": true,
            "service_plan_id": "",
            "site_config": [
              {
                "always_on": true,
                "api_definition_url": "",
                "api_management_api_id": "",
                "app_command_line": "",
                "application_stack": [
                  {
                    "docker_image_name": "",
                    "docker_registry_password": "",
                    "docker_registry_url": "",
                    "docker_registry_username": "",
                    "dotnet_version": "",
                    "go_version": "",
                    "java_server": "",
                    "java_server_version": "",
                    "java_version": "",
                    "node_version": "18-lts",
                    "php_version": "",
                    "python_version": "",
                    "ruby_version": ""
                  }
                ],
                "auto_heal_setting": [],
                "auto_swap_slot_name": "",
                "container_registry_managed_identity_client_id": "",
                "container_registry_use_managed_identity": false,
                "cors": [],
                "default_documents": [
                  "Default.htm",
                  "Default.html",
                  "Default.asp",
                  "index.htm",
                  "index.html",
                  "iisstart.htm",
                  "default.aspx",
                  "index.php",
                  "hostingstart.html"
                ],
                "detailed_error_logging_enabled": false,
                "ftps_state": "Disabled",
                "health_check_eviction_time_in_min": 0,
                "health_check_path": "",
                "http2_enabled": false,
                "ip_restriction": [],
                "ip_restriction_default_action": "Allow",
                "linux_fx_version": "NODE|18-lts",
                "load_balancing_mode": "LeastRequests",
                "local_mysql_enabled": false,
                "managed_pipeline_mode": "Integrated",
                "minimum_tls_version": "1.2",
                "remote_debugging_enabled": false,
                "remote_debugging_version": "VS2022",
                "scm_ip_restriction": [],
                "scm_ip_restriction_default_action": "Allow",
                "scm_minimum_tls_version": "1.2",
                "scm_type": "None",
                "scm_use_main_ip_restriction": false,
                "use_32_bit_worker": true,
                "vnet_route_all_enabled": false,
                "websockets_enabled": false,
                "worker_count": 1
              }
            ],
            "site_credential": [
              {
                "name": "$jaykxr-webapp__staging",
                "password": "xvrcWiYKe3krBCXvpWCPoPht2kERnf5Z2fEMLDSidoZitzzcjblqtbkPpSa7"
              }
            ],
            "storage_account": [],
            "tags": {},
            "timeouts": null,
            "virtual_network_subnet_id": "",
            "webdeploy_publish_basic_authentication_enabled": true,
            "zip_deploy_file": ""
          },
          "sensitive_attributes": [
            [
              {
                "type": "get_attr",
                "value": "site_credential"
              }
            ],
            [
              {
                "type": "get_attr",
                "value": "site_config"
              },
              {
                "type": "index",
                "value": {
                  "value": 0,
                  "type": "number"
                }
              },
              {
                "type": "get_attr",
                "value": "application_stack"
              },
              {
                "type": "index",
                "value": {
                  "value": 0,
                  "type": "number"
                }
              },
              {
                "type": "get_attr",
                "value": "docker_registry_password"
              }
            ],
            [
              {
                "type": "get_attr",
                "value": "custom_domain_verification_id"
              }
            ]
          ],
          "private": "eyJlMmJmYjczMC1lY2FhLTExZTYtOGY4OC0zNDM2M2JjN2M0YzAiOnsiY3JlYXRlIjoxODAwMDAwMDAwMDAwLCJkZWxldGUiOjE4MDAwMDAwMDAwMDAsInJlYWQiOjMwMDAwMDAwMDAwMCwidXBkYXRlIjoxODAwMDAwMDAwMDAwfSwic2NoZW1hX3ZlcnNpb24iOiIxIn0=",
          "dependencies": [
            "azurerm_linux_web_app.webapp",
            "azurerm_resource_group.project-1",
            "azurerm_service_plan.app_plan",
            "azurerm_user_assigned_identity.github_identity"
          ]
        }
      ]
    },
    {
      "mode": "managed",
      "type": "azurerm_monitor_autoscale_setting",
      "name": "webscale-rg",
      "provider": "provider[\"registry.terraform.io/hashicorp/azurerm\"]",
      "instances": [
        {
          "schema_version": 2,
          "attributes": {
            "enabled": true,
            "id": "/subscriptions/d07e93af-325f-4672-a73b-124502a553dc/resourceGroups/Project-rg/providers/Microsoft.Insights/autoScaleSettings/Mywebscaling",
            "location": "canadacentral",
            "name": "Mywebscaling",
            "notification": [],
            "predictive": [],
            "profile": [
              {
                "capacity": [
                  {
                    "default": 1,
                    "maximum": 10,
                    "minimum": 1
                  }
                ],
                "fixed_date": [],
                "name": "defaultProfile",
                "recurrence": [],
                "rule": [
                  {
                    "metric_trigger": [
                      {
                        "dimensions": [],
                        "divide_by_instance_count": false,
                        "metric_name": "CpuPercentage",
                        "metric_namespace": "microsoft.web/serverfarms",
                        "metric_resource_id": "/subscriptions/d07e93af-325f-4672-a73b-124502a553dc/resourceGroups/Project-rg/providers/Microsoft.Web/serverFarms/Johnson-plan",
                        "operator": "GreaterThan",
                        "statistic": "Average",
                        "threshold": 75,
                        "time_aggregation": "Average",
                        "time_grain": "PT1M",
                        "time_window": "PT5M"
                      }
                    ],
                    "scale_action": [
                      {
                        "cooldown": "PT5M",
                        "direction": "Increase",
                        "type": "ChangeCount",
                        "value": 1
                      }
                    ]
                  },
                  {
                    "metric_trigger": [
                      {
                        "dimensions": [],
                        "divide_by_instance_count": false,
                        "metric_name": "CpuPercentage",
                        "metric_namespace": "Microsoft.Web/serverfarms",
                        "metric_resource_id": "/subscriptions/d07e93af-325f-4672-a73b-124502a553dc/resourceGroups/Project-rg/providers/Microsoft.Web/serverFarms/Johnson-plan",
                        "operator": "LessThan",
                        "statistic": "Average",
                        "threshold": 25,
                        "time_aggregation": "Average",
                        "time_grain": "PT1M",
                        "time_window": "PT5M"
                      }
                    ],
                    "scale_action": [
                      {
                        "cooldown": "PT5M",
                        "direction": "Decrease",
                        "type": "ChangeCount",
                        "value": 1
                      }
                    ]
                  }
                ]
              }
            ],
            "resource_group_name": "Project-rg",
            "tags": null,
            "target_resource_id": "/subscriptions/d07e93af-325f-4672-a73b-124502a553dc/resourceGroups/Project-rg/providers/Microsoft.Web/serverFarms/Johnson-plan",
            "timeouts": null
          },
          "sensitive_attributes": [],
          "private": "eyJlMmJmYjczMC1lY2FhLTExZTYtOGY4OC0zNDM2M2JjN2M0YzAiOnsiY3JlYXRlIjoxODAwMDAwMDAwMDAwLCJkZWxldGUiOjE4MDAwMDAwMDAwMDAsInJlYWQiOjMwMDAwMDAwMDAwMCwidXBkYXRlIjoxODAwMDAwMDAwMDAwfSwic2NoZW1hX3ZlcnNpb24iOiIyIn0=",
          "dependencies": [
            "azurerm_resource_group.project-1",
            "azurerm_service_plan.app_plan"
          ]
        }
      ]
    },
    {
      "mode": "managed",
      "type": "azurerm_resource_group",
      "name": "project-1",
      "provider": "provider[\"registry.terraform.io/hashicorp/azurerm\"]",
      "instances": [
        {
          "schema_version": 0,
          "attributes": {
            "id": "/subscriptions/d07e93af-325f-4672-a73b-124502a553dc/resourceGroups/Project-rg",
            "location": "canadacentral",
            "managed_by": "",
            "name": "Project-rg",
            "tags": {},
            "timeouts": null
          },
          "sensitive_attributes": [],
          "private": "eyJlMmJmYjczMC1lY2FhLTExZTYtOGY4OC0zNDM2M2JjN2M0YzAiOnsiY3JlYXRlIjo1NDAwMDAwMDAwMDAwLCJkZWxldGUiOjU0MDAwMDAwMDAwMDAsInJlYWQiOjMwMDAwMDAwMDAwMCwidXBkYXRlIjo1NDAwMDAwMDAwMDAwfX0="
        }
      ]
    },
    {
      "mode": "managed",
      "type": "azurerm_role_assignment",
      "name": "github_identity_role",
      "provider": "provider[\"registry.terraform.io/hashicorp/azurerm\"]",
      "instances": [
        {
          "schema_version": 0,
          "attributes": {
            "condition": "",
            "condition_version": "",
            "delegated_managed_identity_resource_id": "",
            "description": "",
            "id": "/subscriptions/d07e93af-325f-4672-a73b-124502a553dc/resourceGroups/Project-rg/providers/Microsoft.Web/sites/jaykxr-webapp/providers/Microsoft.Authorization/roleAssignments/f7c9b6a5-3201-15de-e136-f55f32e16a7e",
            "name": "f7c9b6a5-3201-15de-e136-f55f32e16a7e",
            "principal_id": "2bab1108-c551-4a84-95da-e545c7e9bdc6",
            "principal_type": "ServicePrincipal",
            "role_definition_id": "/subscriptions/d07e93af-325f-4672-a73b-124502a553dc/providers/Microsoft.Authorization/roleDefinitions/b24988ac-6180-42a0-ab88-20f7382dd24c",
            "role_definition_name": "Contributor",
            "scope": "/subscriptions/d07e93af-325f-4672-a73b-124502a553dc/resourceGroups/Project-rg/providers/Microsoft.Web/sites/jaykxr-webapp",
            "skip_service_principal_aad_check": null,
            "timeouts": null
          },
          "sensitive_attributes": [],
          "private": "eyJlMmJmYjczMC1lY2FhLTExZTYtOGY4OC0zNDM2M2JjN2M0YzAiOnsiY3JlYXRlIjoxODAwMDAwMDAwMDAwLCJkZWxldGUiOjE4MDAwMDAwMDAwMDAsInJlYWQiOjMwMDAwMDAwMDAwMH19",
          "dependencies": [
            "azurerm_linux_web_app.webapp",
            "azurerm_resource_group.project-1",
            "azurerm_service_plan.app_plan",
            "azurerm_user_assigned_identity.github_identity"
          ]
        }
      ]
    },
    {
      "mode": "managed",
      "type": "azurerm_service_plan",
      "name": "app_plan",
      "provider": "provider[\"registry.terraform.io/hashicorp/azurerm\"]",
      "instances": [
        {
          "schema_version": 1,
          "attributes": {
            "app_service_environment_id": "",
            "id": "/subscriptions/d07e93af-325f-4672-a73b-124502a553dc/resourceGroups/Project-rg/providers/Microsoft.Web/serverFarms/Johnson-plan",
            "kind": "linux",
            "location": "canadacentral",
            "maximum_elastic_worker_count": 1,
            "name": "Johnson-plan",
            "os_type": "Linux",
            "per_site_scaling_enabled": false,
            "premium_plan_auto_scale_enabled": false,
            "reserved": true,
            "resource_group_name": "Project-rg",
            "sku_name": "P1v3",
            "tags": {},
            "timeouts": null,
            "worker_count": 1,
            "zone_balancing_enabled": false
          },
          "sensitive_attributes": [],
          "private": "eyJlMmJmYjczMC1lY2FhLTExZTYtOGY4OC0zNDM2M2JjN2M0YzAiOnsiY3JlYXRlIjozNjAwMDAwMDAwMDAwLCJkZWxldGUiOjM2MDAwMDAwMDAwMDAsInJlYWQiOjMwMDAwMDAwMDAwMCwidXBkYXRlIjozNjAwMDAwMDAwMDAwfSwic2NoZW1hX3ZlcnNpb24iOiIxIn0=",
          "dependencies": [
            "azurerm_resource_group.project-1"
          ]
        }
      ]
    },
    {
      "mode": "managed",
      "type": "azurerm_user_assigned_identity",
      "name": "github_identity",
      "provider": "provider[\"registry.terraform.io/hashicorp/azurerm\"]",
      "instances": [
        {
          "schema_version": 1,
          "attributes": {
            "client_id": "66c9912d-ce24-4d30-ad73-f91eae4def89",
            "id": "/subscriptions/d07e93af-325f-4672-a73b-124502a553dc/resourceGroups/Project-rg/providers/Microsoft.ManagedIdentity/userAssignedIdentities/github-identity",
            "location": "canadacentral",
            "name": "github-identity",
            "principal_id": "2bab1108-c551-4a84-95da-e545c7e9bdc6",
            "resource_group_name": "Project-rg",
            "tags": {},
            "tenant_id": "68cfa8b5-3e5e-4a1b-977e-d543d9971207",
            "timeouts": null
          },
          "sensitive_attributes": [],
          "private": "eyJlMmJmYjczMC1lY2FhLTExZTYtOGY4OC0zNDM2M2JjN2M0YzAiOnsiY3JlYXRlIjoxODAwMDAwMDAwMDAwLCJkZWxldGUiOjE4MDAwMDAwMDAwMDAsInJlYWQiOjMwMDAwMDAwMDAwMCwidXBkYXRlIjoxODAwMDAwMDAwMDAwfSwic2NoZW1hX3ZlcnNpb24iOiIxIn0=",
          "dependencies": [
            "azurerm_resource_group.project-1"
          ]
        }
      ]
    }
  ],
  "check_results": null
}
